
Microsoft Visual Studio Solution File, Format Version 12.00
# Visual Studio Version 17
VisualStudioVersion = 17.14.36401.2 d17.14
MinimumVisualStudioVersion = 10.0.40219.1
Project("{FAE04EC0-301F-11D3-BF4B-00C04F79EFBC}") = "AssistEC", "AssistEC\AssistEC.csproj", "{BBF40C9C-B5D0-48F6-94D6-7A8BAFC74B93}"
EndProject
Global
	GlobalSection(SolutionConfigurationPlatforms) = preSolution
		Debug|Any CPU = Debug|Any CPU
		Release|Any CPU = Release|Any CPU
	EndGlobalSection
	GlobalSection(ProjectConfigurationPlatforms) = postSolution
		{BBF40C9C-B5D0-48F6-94D6-7A8BAFC74B93}.Debug|Any CPU.ActiveCfg = Debug|Any CPU
		{BBF40C9C-B5D0-48F6-94D6-7A8BAFC74B93}.Debug|Any CPU.Build.0 = Debug|Any CPU
		{BBF40C9C-B5D0-48F6-94D6-7A8BAFC74B93}.Release|Any CPU.ActiveCfg = Release|Any CPU
		{BBF40C9C-B5D0-48F6-94D6-7A8BAFC74B93}.Release|Any CPU.Build.0 = Release|Any CPU
	EndGlobalSection
	GlobalSection(SolutionProperties) = preSolution
		HideSolutionNode = FALSE
	EndGlobalSection
	GlobalSection(ExtensibilityGlobals) = postSolution
		SolutionGuid = {863D0749-4208-4D2F-8E42-6F5FDA51E53F}
	EndGlobalSection
EndGlobal
